
Microsoft Visual Studio Solution File, Format Version 12.00
# Visual Studio 15
VisualStudioVersion = 15.0.28307.329
MinimumVisualStudioVersion = 10.0.40219.1
Project("{8BC9CEB8-8B4A-11D0-8D11-00A0C91BC942}") = "Reflection", "Sources/Reflection.vcxproj", "{344D08B3-5798-402F-8599-DE57E2BDF495}"
EndProject
Global
	GlobalSection(SolutionConfigurationPlatforms) = preSolution
		Debug|x64 = Debug|x64
		Debug|x86 = Debug|x86
		Release|x64 = Release|x64
		Release|x86 = Release|x86
	EndGlobalSection
	GlobalSection(ProjectConfigurationPlatforms) = postSolution
		{344D08B3-5798-402F-8599-DE57E2BDF495}.Debug|x64.ActiveCfg = Debug|x64
		{344D08B3-5798-402F-8599-DE57E2BDF495}.Debug|x64.Build.0 = Debug|x64
		{344D08B3-5798-402F-8599-DE57E2BDF495}.Debug|x86.ActiveCfg = Debug|Win32
		{344D08B3-5798-402F-8599-DE57E2BDF495}.Debug|x86.Build.0 = Debug|Win32
		{344D08B3-5798-402F-8599-DE57E2BDF495}.Release|x64.ActiveCfg = Release|x64
		{344D08B3-5798-402F-8599-DE57E2BDF495}.Release|x64.Build.0 = Release|x64
		{344D08B3-5798-402F-8599-DE57E2BDF495}.Release|x86.ActiveCfg = Release|Win32
		{344D08B3-5798-402F-8599-DE57E2BDF495}.Release|x86.Build.0 = Release|Win32
	EndGlobalSection
	GlobalSection(SolutionProperties) = preSolution
		HideSolutionNode = FALSE
	EndGlobalSection
	GlobalSection(ExtensibilityGlobals) = postSolution
		SolutionGuid = {2EB84A2B-8D76-4F1B-9DB0-7CD395C2A8E0}
	EndGlobalSection
EndGlobal
